// !$*UTF8*$!
{
	archiveVersion = 1;
	classes = {
	};
	objectVersion = 56;
	objects = {

/* Begin PBXBuildFile section */
		26C7B94C2B56F7B4003DF1C0 /* saloniqApp.swift in Sources */ = {isa = PBXBuildFile; fileRef = 26C7B94B2B56F7B4003DF1C0 /* saloniqApp.swift */; };
		26C7B94E2B56F7B4003DF1C0 /* ContentView.swift in Sources */ = {isa = PBXBuildFile; fileRef = 26C7B94D2B56F7B4003DF1C0 /* ContentView.swift */; };
		26C7B9502B56F7B6003DF1C0 /* Assets.xcassets in Resources */ = {isa = PBXBuildFile; fileRef = 26C7B94F2B56F7B6003DF1C0 /* Assets.xcassets */; };
		26C7B9532B56F7B6003DF1C0 /* Preview Assets.xcassets in Resources */ = {isa = PBXBuildFile; fileRef = 26C7B9522B56F7B6003DF1C0 /* Preview Assets.xcassets */; };
		26C7B95A2B56FE04003DF1C0 /* Entity.swift in Sources */ = {isa = PBXBuildFile; fileRef = 26C7B9592B56FE04003DF1C0 /* Entity.swift */; };
		26C7B95E2B57548F003DF1C0 /* CartView.swift in Sources */ = {isa = PBXBuildFile; fileRef = 26C7B95D2B57548F003DF1C0 /* CartView.swift */; };
		26C7B9602B5756E0003DF1C0 /* AccountView.swift in Sources */ = {isa = PBXBuildFile; fileRef = 26C7B95F2B5756E0003DF1C0 /* AccountView.swift */; };
		26C7B9622B575D5A003DF1C0 /* HomeView.swift in Sources */ = {isa = PBXBuildFile; fileRef = 26C7B9612B575D59003DF1C0 /* HomeView.swift */; };
		26C7B9652B59F8EE003DF1C0 /* ProductView.swift in Sources */ = {isa = PBXBuildFile; fileRef = 26C7B9642B59F8EE003DF1C0 /* ProductView.swift */; };
		26C7B98A2B5AD4E7003DF1C0 /* Stripe in Frameworks */ = {isa = PBXBuildFile; productRef = 26C7B9892B5AD4E7003DF1C0 /* Stripe */; };
		26C7B98C2B5AD4E7003DF1C0 /* StripeApplePay in Frameworks */ = {isa = PBXBuildFile; productRef = 26C7B98B2B5AD4E7003DF1C0 /* StripeApplePay */; };
		26C7B98E2B5AD4E7003DF1C0 /* StripeCardScan in Frameworks */ = {isa = PBXBuildFile; productRef = 26C7B98D2B5AD4E7003DF1C0 /* StripeCardScan */; };
		26C7B9902B5AD4E7003DF1C0 /* StripeFinancialConnections in Frameworks */ = {isa = PBXBuildFile; productRef = 26C7B98F2B5AD4E7003DF1C0 /* StripeFinancialConnections */; };
		26C7B9922B5AD4E7003DF1C0 /* StripeIdentity in Frameworks */ = {isa = PBXBuildFile; productRef = 26C7B9912B5AD4E7003DF1C0 /* StripeIdentity */; };
		26C7B9942B5AD4E7003DF1C0 /* StripePaymentSheet in Frameworks */ = {isa = PBXBuildFile; productRef = 26C7B9932B5AD4E7003DF1C0 /* StripePaymentSheet */; };
		26C7B9962B5AD4E7003DF1C0 /* StripePayments in Frameworks */ = {isa = PBXBuildFile; productRef = 26C7B9952B5AD4E7003DF1C0 /* StripePayments */; };
		26C7B9982B5AD4E7003DF1C0 /* StripePaymentsUI in Frameworks */ = {isa = PBXBuildFile; productRef = 26C7B9972B5AD4E7003DF1C0 /* StripePaymentsUI */; };
		26C7B99A2B5AD914003DF1C0 /* PaymentConfig.swift in Sources */ = {isa = PBXBuildFile; fileRef = 26C7B9992B5AD914003DF1C0 /* PaymentConfig.swift */; };
		26C7B99C2B5ADF87003DF1C0 /* CheckoutView.swift in Sources */ = {isa = PBXBuildFile; fileRef = 26C7B99B2B5ADF87003DF1C0 /* CheckoutView.swift */; };
		26C7B99F2B5AEE63003DF1C0 /* PaymentGatewayController.swift in Sources */ = {isa = PBXBuildFile; fileRef = 26C7B99E2B5AEE63003DF1C0 /* PaymentGatewayController.swift */; };
/* End PBXBuildFile section */

/* Begin PBXFileReference section */
		26C7B9482B56F7B4003DF1C0 /* saloniq.app */ = {isa = PBXFileReference; explicitFileType = wrapper.application; includeInIndex = 0; path = saloniq.app; sourceTree = BUILT_PRODUCTS_DIR; };
		26C7B94B2B56F7B4003DF1C0 /* saloniqApp.swift */ = {isa = PBXFileReference; lastKnownFileType = sourcecode.swift; path = saloniqApp.swift; sourceTree = "<group>"; };
		26C7B94D2B56F7B4003DF1C0 /* ContentView.swift */ = {isa = PBXFileReference; lastKnownFileType = sourcecode.swift; path = ContentView.swift; sourceTree = "<group>"; };
		26C7B94F2B56F7B6003DF1C0 /* Assets.xcassets */ = {isa = PBXFileReference; lastKnownFileType = folder.assetcatalog; path = Assets.xcassets; sourceTree = "<group>"; };
		26C7B9522B56F7B6003DF1C0 /* Preview Assets.xcassets */ = {isa = PBXFileReference; lastKnownFileType = folder.assetcatalog; path = "Preview Assets.xcassets"; sourceTree = "<group>"; };
		26C7B9592B56FE04003DF1C0 /* Entity.swift */ = {isa = PBXFileReference; lastKnownFileType = sourcecode.swift; path = Entity.swift; sourceTree = "<group>"; };
		26C7B95D2B57548F003DF1C0 /* CartView.swift */ = {isa = PBXFileReference; lastKnownFileType = sourcecode.swift; path = CartView.swift; sourceTree = "<group>"; };
		26C7B95F2B5756E0003DF1C0 /* AccountView.swift */ = {isa = PBXFileReference; lastKnownFileType = sourcecode.swift; path = AccountView.swift; sourceTree = "<group>"; };
		26C7B9612B575D59003DF1C0 /* HomeView.swift */ = {isa = PBXFileReference; lastKnownFileType = sourcecode.swift; path = HomeView.swift; sourceTree = "<group>"; };
		26C7B9632B575EE8003DF1C0 /* Info.plist */ = {isa = PBXFileReference; lastKnownFileType = text.plist; path = Info.plist; sourceTree = "<group>"; };
		26C7B9642B59F8EE003DF1C0 /* ProductView.swift */ = {isa = PBXFileReference; lastKnownFileType = sourcecode.swift; path = ProductView.swift; sourceTree = "<group>"; };
		26C7B9992B5AD914003DF1C0 /* PaymentConfig.swift */ = {isa = PBXFileReference; lastKnownFileType = sourcecode.swift; path = PaymentConfig.swift; sourceTree = "<group>"; };
		26C7B99B2B5ADF87003DF1C0 /* CheckoutView.swift */ = {isa = PBXFileReference; lastKnownFileType = sourcecode.swift; path = CheckoutView.swift; sourceTree = "<group>"; };
		26C7B99E2B5AEE63003DF1C0 /* PaymentGatewayController.swift */ = {isa = PBXFileReference; lastKnownFileType = sourcecode.swift; path = PaymentGatewayController.swift; sourceTree = "<group>"; };
/* End PBXFileReference section */

/* Begin PBXFrameworksBuildPhase section */
		26C7B9452B56F7B4003DF1C0 /* Frameworks */ = {
			isa = PBXFrameworksBuildPhase;
			buildActionMask = 2147483647;
			files = (
				26C7B98E2B5AD4E7003DF1C0 /* StripeCardScan in Frameworks */,
				26C7B9902B5AD4E7003DF1C0 /* StripeFinancialConnections in Frameworks */,
				26C7B9922B5AD4E7003DF1C0 /* StripeIdentity in Frameworks */,
				26C7B98A2B5AD4E7003DF1C0 /* Stripe in Frameworks */,
				26C7B9942B5AD4E7003DF1C0 /* StripePaymentSheet in Frameworks */,
				26C7B9962B5AD4E7003DF1C0 /* StripePayments in Frameworks */,
				26C7B9982B5AD4E7003DF1C0 /* StripePaymentsUI in Frameworks */,
				26C7B98C2B5AD4E7003DF1C0 /* StripeApplePay in Frameworks */,
			);
			runOnlyForDeploymentPostprocessing = 0;
		};
/* End PBXFrameworksBuildPhase section */

/* Begin PBXGroup section */
		26C7B93F2B56F7B4003DF1C0 = {
			isa = PBXGroup;
			children = (
				26C7B94A2B56F7B4003DF1C0 /* saloniq */,
				26C7B9492B56F7B4003DF1C0 /* Products */,
			);
			sourceTree = "<group>";
		};
		26C7B9492B56F7B4003DF1C0 /* Products */ = {
			isa = PBXGroup;
			children = (
				26C7B9482B56F7B4003DF1C0 /* saloniq.app */,
			);
			name = Products;
			sourceTree = "<group>";
		};
		26C7B94A2B56F7B4003DF1C0 /* saloniq */ = {
			isa = PBXGroup;
			children = (
				26C7B9512B56F7B6003DF1C0 /* Preview Content */,
				26C7B9632B575EE8003DF1C0 /* Info.plist */,
				26C7B94B2B56F7B4003DF1C0 /* saloniqApp.swift */,
				26C7B94F2B56F7B6003DF1C0 /* Assets.xcassets */,
				26C7B9592B56FE04003DF1C0 /* Entity.swift */,
				26C7B9992B5AD914003DF1C0 /* PaymentConfig.swift */,
				26C7B99D2B5ADFA0003DF1C0 /* views */,
			);
			path = saloniq;
			sourceTree = "<group>";
		};
		26C7B9512B56F7B6003DF1C0 /* Preview Content */ = {
			isa = PBXGroup;
			children = (
				26C7B9522B56F7B6003DF1C0 /* Preview Assets.xcassets */,
			);
			path = "Preview Content";
			sourceTree = "<group>";
		};
		26C7B99D2B5ADFA0003DF1C0 /* views */ = {
			isa = PBXGroup;
			children = (
				26C7B94D2B56F7B4003DF1C0 /* ContentView.swift */,
				26C7B99B2B5ADF87003DF1C0 /* CheckoutView.swift */,
				26C7B95F2B5756E0003DF1C0 /* AccountView.swift */,
				26C7B95D2B57548F003DF1C0 /* CartView.swift */,
				26C7B9642B59F8EE003DF1C0 /* ProductView.swift */,
				26C7B9612B575D59003DF1C0 /* HomeView.swift */,
				26C7B99E2B5AEE63003DF1C0 /* PaymentGatewayController.swift */,
			);
			path = views;
			sourceTree = "<group>";
		};
/* End PBXGroup section */

/* Begin PBXNativeTarget section */
		26C7B9472B56F7B4003DF1C0 /* saloniq */ = {
			isa = PBXNativeTarget;
			buildConfigurationList = 26C7B9562B56F7B6003DF1C0 /* Build configuration list for PBXNativeTarget "saloniq" */;
			buildPhases = (
				26C7B9442B56F7B4003DF1C0 /* Sources */,
				26C7B9452B56F7B4003DF1C0 /* Frameworks */,
				26C7B9462B56F7B4003DF1C0 /* Resources */,
			);
			buildRules = (
			);
			dependencies = (
			);
			name = saloniq;
			packageProductDependencies = (
				26C7B9892B5AD4E7003DF1C0 /* Stripe */,
				26C7B98B2B5AD4E7003DF1C0 /* StripeApplePay */,
				26C7B98D2B5AD4E7003DF1C0 /* StripeCardScan */,
				26C7B98F2B5AD4E7003DF1C0 /* StripeFinancialConnections */,
				26C7B9912B5AD4E7003DF1C0 /* StripeIdentity */,
				26C7B9932B5AD4E7003DF1C0 /* StripePaymentSheet */,
				26C7B9952B5AD4E7003DF1C0 /* StripePayments */,
				26C7B9972B5AD4E7003DF1C0 /* StripePaymentsUI */,
			);
			productName = saloni;
			productReference = 26C7B9482B56F7B4003DF1C0 /* saloniq.app */;
			productType = "com.apple.product-type.application";
		};
/* End PBXNativeTarget section */

/* Begin PBXProject section */
		26C7B9402B56F7B4003DF1C0 /* Project object */ = {
			isa = PBXProject;
			attributes = {
				BuildIndependentTargetsInParallel = 1;
				LastSwiftUpdateCheck = 1520;
				LastUpgradeCheck = 1520;
				TargetAttributes = {
					26C7B9472B56F7B4003DF1C0 = {
						CreatedOnToolsVersion = 15.2;
					};
				};
			};
			buildConfigurationList = 26C7B9432B56F7B4003DF1C0 /* Build configuration list for PBXProject "saloniq" */;
			compatibilityVersion = "Xcode 14.0";
			developmentRegion = en;
			hasScannedForEncodings = 0;
			knownRegions = (
				en,
				Base,
			);
			mainGroup = 26C7B93F2B56F7B4003DF1C0;
			packageReferences = (
				26C7B9882B5AD4E7003DF1C0 /* XCRemoteSwiftPackageReference "stripe-ios-spm" */,
			);
			productRefGroup = 26C7B9492B56F7B4003DF1C0 /* Products */;
			projectDirPath = "";
			projectRoot = "";
			targets = (
				26C7B9472B56F7B4003DF1C0 /* saloniq */,
			);
		};
/* End PBXProject section */

/* Begin PBXResourcesBuildPhase section */
		26C7B9462B56F7B4003DF1C0 /* Resources */ = {
			isa = PBXResourcesBuildPhase;
			buildActionMask = 2147483647;
			files = (
				26C7B9532B56F7B6003DF1C0 /* Preview Assets.xcassets in Resources */,
				26C7B9502B56F7B6003DF1C0 /* Assets.xcassets in Resources */,
			);
			runOnlyForDeploymentPostprocessing = 0;
		};
/* End PBXResourcesBuildPhase section */

/* Begin PBXSourcesBuildPhase section */
		26C7B9442B56F7B4003DF1C0 /* Sources */ = {
			isa = PBXSourcesBuildPhase;
			buildActionMask = 2147483647;
			files = (
				26C7B9602B5756E0003DF1C0 /* AccountView.swift in Sources */,
				26C7B9622B575D5A003DF1C0 /* HomeView.swift in Sources */,
				26C7B99A2B5AD914003DF1C0 /* PaymentConfig.swift in Sources */,
				26C7B99F2B5AEE63003DF1C0 /* PaymentGatewayController.swift in Sources */,
				26C7B94E2B56F7B4003DF1C0 /* ContentView.swift in Sources */,
				26C7B94C2B56F7B4003DF1C0 /* saloniqApp.swift in Sources */,
				26C7B9652B59F8EE003DF1C0 /* ProductView.swift in Sources */,
				26C7B95A2B56FE04003DF1C0 /* Entity.swift in Sources */,
				26C7B95E2B57548F003DF1C0 /* CartView.swift in Sources */,
				26C7B99C2B5ADF87003DF1C0 /* CheckoutView.swift in Sources */,
			);
			runOnlyForDeploymentPostprocessing = 0;
		};
/* End PBXSourcesBuildPhase section */

/* Begin XCBuildConfiguration section */
		26C7B9542B56F7B6003DF1C0 /* Debug */ = {
			isa = XCBuildConfiguration;
			buildSettings = {
				ALWAYS_SEARCH_USER_PATHS = NO;
				ASSETCATALOG_COMPILER_GENERATE_SWIFT_ASSET_SYMBOL_EXTENSIONS = YES;
				CLANG_ANALYZER_NONNULL = YES;
				CLANG_ANALYZER_NUMBER_OBJECT_CONVERSION = YES_AGGRESSIVE;
				CLANG_CXX_LANGUAGE_STANDARD = "gnu++20";
				CLANG_ENABLE_MODULES = YES;
				CLANG_ENABLE_OBJC_ARC = YES;
				CLANG_ENABLE_OBJC_WEAK = YES;
				CLANG_WARN_BLOCK_CAPTURE_AUTORELEASING = YES;
				CLANG_WARN_BOOL_CONVERSION = YES;
				CLANG_WARN_COMMA = YES;
				CLANG_WARN_CONSTANT_CONVERSION = YES;
				CLANG_WARN_DEPRECATED_OBJC_IMPLEMENTATIONS = YES;
				CLANG_WARN_DIRECT_OBJC_ISA_USAGE = YES_ERROR;
				CLANG_WARN_DOCUMENTATION_COMMENTS = YES;
				CLANG_WARN_EMPTY_BODY = YES;
				CLANG_WARN_ENUM_CONVERSION = YES;
				CLANG_WARN_INFINITE_RECURSION = YES;
				CLANG_WARN_INT_CONVERSION = YES;
				CLANG_WARN_NON_LITERAL_NULL_CONVERSION = YES;
				CLANG_WARN_OBJC_IMPLICIT_RETAIN_SELF = YES;
				CLANG_WARN_OBJC_LITERAL_CONVERSION = YES;
				CLANG_WARN_OBJC_ROOT_CLASS = YES_ERROR;
				CLANG_WARN_QUOTED_INCLUDE_IN_FRAMEWORK_HEADER = YES;
				CLANG_WARN_RANGE_LOOP_ANALYSIS = YES;
				CLANG_WARN_STRICT_PROTOTYPES = YES;
				CLANG_WARN_SUSPICIOUS_MOVE = YES;
				CLANG_WARN_UNGUARDED_AVAILABILITY = YES_AGGRESSIVE;
				CLANG_WARN_UNREACHABLE_CODE = YES;
				CLANG_WARN__DUPLICATE_METHOD_MATCH = YES;
				COPY_PHASE_STRIP = NO;
				DEBUG_INFORMATION_FORMAT = dwarf;
				ENABLE_STRICT_OBJC_MSGSEND = YES;
				ENABLE_TESTABILITY = YES;
				ENABLE_USER_SCRIPT_SANDBOXING = YES;
				GCC_C_LANGUAGE_STANDARD = gnu17;
				GCC_DYNAMIC_NO_PIC = NO;
				GCC_NO_COMMON_BLOCKS = YES;
				GCC_OPTIMIZATION_LEVEL = 0;
				GCC_PREPROCESSOR_DEFINITIONS = (
					"DEBUG=1",
					"$(inherited)",
				);
				GCC_WARN_64_TO_32_BIT_CONVERSION = YES;
				GCC_WARN_ABOUT_RETURN_TYPE = YES_ERROR;
				GCC_WARN_UNDECLARED_SELECTOR = YES;
				GCC_WARN_UNINITIALIZED_AUTOS = YES_AGGRESSIVE;
				GCC_WARN_UNUSED_FUNCTION = YES;
				GCC_WARN_UNUSED_VARIABLE = YES;
				IPHONEOS_DEPLOYMENT_TARGET = 17.2;
				LOCALIZATION_PREFERS_STRING_CATALOGS = YES;
				MTL_ENABLE_DEBUG_INFO = INCLUDE_SOURCE;
				MTL_FAST_MATH = YES;
				ONLY_ACTIVE_ARCH = YES;
				SDKROOT = iphoneos;
				SWIFT_ACTIVE_COMPILATION_CONDITIONS = "DEBUG $(inherited)";
				SWIFT_OPTIMIZATION_LEVEL = "-Onone";
			};
			name = Debug;
		};
		26C7B9552B56F7B6003DF1C0 /* Release */ = {
			isa = XCBuildConfiguration;
			buildSettings = {
				ALWAYS_SEARCH_USER_PATHS = NO;
				ASSETCATALOG_COMPILER_GENERATE_SWIFT_ASSET_SYMBOL_EXTENSIONS = YES;
				CLANG_ANALYZER_NONNULL = YES;
				CLANG_ANALYZER_NUMBER_OBJECT_CONVERSION = YES_AGGRESSIVE;
				CLANG_CXX_LANGUAGE_STANDARD = "gnu++20";
				CLANG_ENABLE_MODULES = YES;
				CLANG_ENABLE_OBJC_ARC = YES;
				CLANG_ENABLE_OBJC_WEAK = YES;
				CLANG_WARN_BLOCK_CAPTURE_AUTORELEASING = YES;
				CLANG_WARN_BOOL_CONVERSION = YES;
				CLANG_WARN_COMMA = YES;
				CLANG_WARN_CONSTANT_CONVERSION = YES;
				CLANG_WARN_DEPRECATED_OBJC_IMPLEMENTATIONS = YES;
				CLANG_WARN_DIRECT_OBJC_ISA_USAGE = YES_ERROR;
				CLANG_WARN_DOCUMENTATION_COMMENTS = YES;
				CLANG_WARN_EMPTY_BODY = YES;
				CLANG_WARN_ENUM_CONVERSION = YES;
				CLANG_WARN_INFINITE_RECURSION = YES;
				CLANG_WARN_INT_CONVERSION = YES;
				CLANG_WARN_NON_LITERAL_NULL_CONVERSION = YES;
				CLANG_WARN_OBJC_IMPLICIT_RETAIN_SELF = YES;
				CLANG_WARN_OBJC_LITERAL_CONVERSION = YES;
				CLANG_WARN_OBJC_ROOT_CLASS = YES_ERROR;
				CLANG_WARN_QUOTED_INCLUDE_IN_FRAMEWORK_HEADER = YES;
				CLANG_WARN_RANGE_LOOP_ANALYSIS = YES;
				CLANG_WARN_STRICT_PROTOTYPES = YES;
				CLANG_WARN_SUSPICIOUS_MOVE = YES;
				CLANG_WARN_UNGUARDED_AVAILABILITY = YES_AGGRESSIVE;
				CLANG_WARN_UNREACHABLE_CODE = YES;
				CLANG_WARN__DUPLICATE_METHOD_MATCH = YES;
				COPY_PHASE_STRIP = NO;
				DEBUG_INFORMATION_FORMAT = "dwarf-with-dsym";
				ENABLE_NS_ASSERTIONS = NO;
				ENABLE_STRICT_OBJC_MSGSEND = YES;
				ENABLE_USER_SCRIPT_SANDBOXING = YES;
				GCC_C_LANGUAGE_STANDARD = gnu17;
				GCC_NO_COMMON_BLOCKS = YES;
				GCC_WARN_64_TO_32_BIT_CONVERSION = YES;
				GCC_WARN_ABOUT_RETURN_TYPE = YES_ERROR;
				GCC_WARN_UNDECLARED_SELECTOR = YES;
				GCC_WARN_UNINITIALIZED_AUTOS = YES_AGGRESSIVE;
				GCC_WARN_UNUSED_FUNCTION = YES;
				GCC_WARN_UNUSED_VARIABLE = YES;
				IPHONEOS_DEPLOYMENT_TARGET = 17.2;
				LOCALIZATION_PREFERS_STRING_CATALOGS = YES;
				MTL_ENABLE_DEBUG_INFO = NO;
				MTL_FAST_MATH = YES;
				SDKROOT = iphoneos;
				SWIFT_COMPILATION_MODE = wholemodule;
				VALIDATE_PRODUCT = YES;
			};
			name = Release;
		};
		26C7B9572B56F7B6003DF1C0 /* Debug */ = {
			isa = XCBuildConfiguration;
			buildSettings = {
				ASSETCATALOG_COMPILER_APPICON_NAME = AppIcon;
				ASSETCATALOG_COMPILER_GLOBAL_ACCENT_COLOR_NAME = AccentColor;
				CODE_SIGN_STYLE = Automatic;
				CURRENT_PROJECT_VERSION = 1;
				DEVELOPMENT_ASSET_PATHS = "\"saloniq/Preview Content\"";
				DEVELOPMENT_TEAM = SL8F4ZH337;
				ENABLE_PREVIEWS = YES;
				GENERATE_INFOPLIST_FILE = YES;
				INFOPLIST_FILE = saloniq/Info.plist;
				INFOPLIST_KEY_NSCameraUsageDescription = "This is likely needed by Stripe SDK. I don't use user camera at all in the app";
				INFOPLIST_KEY_UIApplicationSceneManifest_Generation = YES;
				INFOPLIST_KEY_UIApplicationSupportsIndirectInputEvents = YES;
				INFOPLIST_KEY_UILaunchScreen_Generation = YES;
				INFOPLIST_KEY_UISupportedInterfaceOrientations_iPad = "UIInterfaceOrientationPortrait UIInterfaceOrientationPortraitUpsideDown UIInterfaceOrientationLandscapeLeft UIInterfaceOrientationLandscapeRight";
				INFOPLIST_KEY_UISupportedInterfaceOrientations_iPhone = "UIInterfaceOrientationPortrait UIInterfaceOrientationLandscapeLeft UIInterfaceOrientationLandscapeRight";
				INFOPLIST_KEY_UIUserInterfaceStyle = Light;
				LD_RUNPATH_SEARCH_PATHS = (
					"$(inherited)",
					"@executable_path/Frameworks",
				);
				MARKETING_VERSION = 1.0;
				PRODUCT_BUNDLE_IDENTIFIER = io.bastrikov.saloniq;
				PRODUCT_NAME = "$(TARGET_NAME)";
				SWIFT_EMIT_LOC_STRINGS = YES;
				SWIFT_VERSION = 5.0;
				TARGETED_DEVICE_FAMILY = "1,2";
			};
			name = Debug;
		};
		26C7B9582B56F7B6003DF1C0 /* Release */ = {
			isa = XCBuildConfiguration;
			buildSettings = {
				ASSETCATALOG_COMPILER_APPICON_NAME = AppIcon;
				ASSETCATALOG_COMPILER_GLOBAL_ACCENT_COLOR_NAME = AccentColor;
				CODE_SIGN_STYLE = Automatic;
				CURRENT_PROJECT_VERSION = 1;
				DEVELOPMENT_ASSET_PATHS = "\"saloniq/Preview Content\"";
				DEVELOPMENT_TEAM = SL8F4ZH337;
				ENABLE_PREVIEWS = YES;
				GENERATE_INFOPLIST_FILE = YES;
				INFOPLIST_FILE = saloniq/Info.plist;
				INFOPLIST_KEY_NSCameraUsageDescription = "This is likely needed by Stripe SDK. I don't use user camera at all in the app";
				INFOPLIST_KEY_UIApplicationSceneManifest_Generation = YES;
				INFOPLIST_KEY_UIApplicationSupportsIndirectInputEvents = YES;
				INFOPLIST_KEY_UILaunchScreen_Generation = YES;
				INFOPLIST_KEY_UISupportedInterfaceOrientations_iPad = "UIInterfaceOrientationPortrait UIInterfaceOrientationPortraitUpsideDown UIInterfaceOrientationLandscapeLeft UIInterfaceOrientationLandscapeRight";
				INFOPLIST_KEY_UISupportedInterfaceOrientations_iPhone = "UIInterfaceOrientationPortrait UIInterfaceOrientationLandscapeLeft UIInterfaceOrientationLandscapeRight";
				INFOPLIST_KEY_UIUserInterfaceStyle = Light;
				LD_RUNPATH_SEARCH_PATHS = (
					"$(inherited)",
					"@executable_path/Frameworks",
				);
				MARKETING_VERSION = 1.0;
				PRODUCT_BUNDLE_IDENTIFIER = io.bastrikov.saloniq;
				PRODUCT_NAME = "$(TARGET_NAME)";
				SWIFT_EMIT_LOC_STRINGS = YES;
				SWIFT_VERSION = 5.0;
				TARGETED_DEVICE_FAMILY = "1,2";
			};
			name = Release;
		};
/* End XCBuildConfiguration section */

/* Begin XCConfigurationList section */
		26C7B9432B56F7B4003DF1C0 /* Build configuration list for PBXProject "saloniq" */ = {
			isa = XCConfigurationList;
			buildConfigurations = (
				26C7B9542B56F7B6003DF1C0 /* Debug */,
				26C7B9552B56F7B6003DF1C0 /* Release */,
			);
			defaultConfigurationIsVisible = 0;
			defaultConfigurationName = Release;
		};
		26C7B9562B56F7B6003DF1C0 /* Build configuration list for PBXNativeTarget "saloniq" */ = {
			isa = XCConfigurationList;
			buildConfigurations = (
				26C7B9572B56F7B6003DF1C0 /* Debug */,
				26C7B9582B56F7B6003DF1C0 /* Release */,
			);
			defaultConfigurationIsVisible = 0;
			defaultConfigurationName = Release;
		};
/* End XCConfigurationList section */

/* Begin XCRemoteSwiftPackageReference section */
		26C7B9882B5AD4E7003DF1C0 /* XCRemoteSwiftPackageReference "stripe-ios-spm" */ = {
			isa = XCRemoteSwiftPackageReference;
			repositoryURL = "https://github.com/stripe/stripe-ios-spm";
			requirement = {
				kind = upToNextMajorVersion;
				minimumVersion = 23.21.0;
			};
		};
/* End XCRemoteSwiftPackageReference section */

/* Begin XCSwiftPackageProductDependency section */
		26C7B9892B5AD4E7003DF1C0 /* Stripe */ = {
			isa = XCSwiftPackageProductDependency;
			package = 26C7B9882B5AD4E7003DF1C0 /* XCRemoteSwiftPackageReference "stripe-ios-spm" */;
			productName = Stripe;
		};
		26C7B98B2B5AD4E7003DF1C0 /* StripeApplePay */ = {
			isa = XCSwiftPackageProductDependency;
			package = 26C7B9882B5AD4E7003DF1C0 /* XCRemoteSwiftPackageReference "stripe-ios-spm" */;
			productName = StripeApplePay;
		};
		26C7B98D2B5AD4E7003DF1C0 /* StripeCardScan */ = {
			isa = XCSwiftPackageProductDependency;
			package = 26C7B9882B5AD4E7003DF1C0 /* XCRemoteSwiftPackageReference "stripe-ios-spm" */;
			productName = StripeCardScan;
		};
		26C7B98F2B5AD4E7003DF1C0 /* StripeFinancialConnections */ = {
			isa = XCSwiftPackageProductDependency;
			package = 26C7B9882B5AD4E7003DF1C0 /* XCRemoteSwiftPackageReference "stripe-ios-spm" */;
			productName = StripeFinancialConnections;
		};
		26C7B9912B5AD4E7003DF1C0 /* StripeIdentity */ = {
			isa = XCSwiftPackageProductDependency;
			package = 26C7B9882B5AD4E7003DF1C0 /* XCRemoteSwiftPackageReference "stripe-ios-spm" */;
			productName = StripeIdentity;
		};
		26C7B9932B5AD4E7003DF1C0 /* StripePaymentSheet */ = {
			isa = XCSwiftPackageProductDependency;
			package = 26C7B9882B5AD4E7003DF1C0 /* XCRemoteSwiftPackageReference "stripe-ios-spm" */;
			productName = StripePaymentSheet;
		};
		26C7B9952B5AD4E7003DF1C0 /* StripePayments */ = {
			isa = XCSwiftPackageProductDependency;
			package = 26C7B9882B5AD4E7003DF1C0 /* XCRemoteSwiftPackageReference "stripe-ios-spm" */;
			productName = StripePayments;
		};
		26C7B9972B5AD4E7003DF1C0 /* StripePaymentsUI */ = {
			isa = XCSwiftPackageProductDependency;
			package = 26C7B9882B5AD4E7003DF1C0 /* XCRemoteSwiftPackageReference "stripe-ios-spm" */;
			productName = StripePaymentsUI;
		};
/* End XCSwiftPackageProductDependency section */
	};
	rootObject = 26C7B9402B56F7B4003DF1C0 /* Project object */;
}
